PODS:
  - CTAssetsPickerController (3.3.2-alpha):
    - PureLayout (~> 3.0.0)
  - PureLayout (3.0.1)

DEPENDENCIES:
  - CTAssetsPickerController (from `.`)

SPEC REPOS:
  https://github.com/CocoaPods/Specs.git:
    - PureLayout

EXTERNAL SOURCES:
  CTAssetsPickerController:
    :path: "."

SPEC CHECKSUMS:
  CTAssetsPickerController: 15ad58cfca3721ca44151992c51ad06c55289575
  PureLayout: f35f5384c9c4e4479df041dbe33ad7577b71ddfb

PODFILE CHECKSUM: cecbcc000ecff8e9544c53d80b2bd556dbf4c859

COCOAPODS: 1.8.4
